
Microsoft Visual Studio Solution File, Format Version 12.00
# Visual Studio 15
VisualStudioVersion = 15.0.27703.2018
MinimumVisualStudioVersion = 10.0.40219.1
Project("{FAE04EC0-301F-11D3-BF4B-00C04F79EFBC}") = "WebApi_JqueryAjax_Json_Get.WebUI", "WebApi_JqueryAjax_Json_Get.WebUI\WebApi_JqueryAjax_Json_Get.WebUI.csproj", "{76645193-6EE4-471A-80CA-A6B1371D470D}"
EndProject
Project("{FAE04EC0-301F-11D3-BF4B-00C04F79EFBC}") = "WebApi_JqueryAjax_Json_Get.Service", "WebApi_JqueryAjax_Json_Get.Service\WebApi_JqueryAjax_Json_Get.Service.csproj", "{3C112660-5821-406A-AC10-F84354306C47}"
EndProject
Global
	GlobalSection(SolutionConfigurationPlatforms) = preSolution
		Debug|Any CPU = Debug|Any CPU
		Release|Any CPU = Release|Any CPU
	EndGlobalSection
	GlobalSection(ProjectConfigurationPlatforms) = postSolution
		{76645193-6EE4-471A-80CA-A6B1371D470D}.Debug|Any CPU.ActiveCfg = Debug|Any CPU
		{76645193-6EE4-471A-80CA-A6B1371D470D}.Debug|Any CPU.Build.0 = Debug|Any CPU
		{76645193-6EE4-471A-80CA-A6B1371D470D}.Release|Any CPU.ActiveCfg = Release|Any CPU
		{76645193-6EE4-471A-80CA-A6B1371D470D}.Release|Any CPU.Build.0 = Release|Any CPU
		{3C112660-5821-406A-AC10-F84354306C47}.Debug|Any CPU.ActiveCfg = Debug|Any CPU
		{3C112660-5821-406A-AC10-F84354306C47}.Debug|Any CPU.Build.0 = Debug|Any CPU
		{3C112660-5821-406A-AC10-F84354306C47}.Release|Any CPU.ActiveCfg = Release|Any CPU
		{3C112660-5821-406A-AC10-F84354306C47}.Release|Any CPU.Build.0 = Release|Any CPU
	EndGlobalSection
	GlobalSection(SolutionProperties) = preSolution
		HideSolutionNode = FALSE
	EndGlobalSection
	GlobalSection(ExtensibilityGlobals) = postSolution
		SolutionGuid = {33E2B0F3-B5DB-49C8-880C-F614023C30A6}
	EndGlobalSection
EndGlobal
